
Microsoft Visual Studio Solution File, Format Version 12.00
# Visual Studio Version 16
VisualStudioVersion = 16.0.29215.179
MinimumVisualStudioVersion = 10.0.40219.1
Project("{FAE04EC0-301F-11D3-BF4B-00C04F79EFBC}") = "LandmarkAi", "LandmarkAi\LandmarkAi.csproj", "{597F2968-97D7-46D2-886D-150EC8BC818B}"
EndProject
Global
	GlobalSection(SolutionConfigurationPlatforms) = preSolution
		Debug|Any CPU = Debug|Any CPU
		Release|Any CPU = Release|Any CPU
	EndGlobalSection
	GlobalSection(ProjectConfigurationPlatforms) = postSolution
		{597F2968-97D7-46D2-886D-150EC8BC818B}.Debug|Any CPU.ActiveCfg = Debug|Any CPU
		{597F2968-97D7-46D2-886D-150EC8BC818B}.Debug|Any CPU.Build.0 = Debug|Any CPU
		{597F2968-97D7-46D2-886D-150EC8BC818B}.Release|Any CPU.ActiveCfg = Release|Any CPU
		{597F2968-97D7-46D2-886D-150EC8BC818B}.Release|Any CPU.Build.0 = Release|Any CPU
	EndGlobalSection
	GlobalSection(SolutionProperties) = preSolution
		HideSolutionNode = FALSE
	EndGlobalSection
	GlobalSection(ExtensibilityGlobals) = postSolution
		SolutionGuid = {4F8136A7-1D1B-4036-8256-1E6D59CEF12A}
	EndGlobalSection
EndGlobal
